
Microsoft Visual Studio Solution File, Format Version 12.00
# Visual Studio Version 17
VisualStudioVersion = 17.0.31903.59
MinimumVisualStudioVersion = 10.0.40219.1
Project("{FAE04EC0-301F-11D3-BF4B-00C04F79EFBC}") = "ClassCast.Common", "ClassCast.Common\ClassCast.Common.csproj", "{D5DFEA89-A5A2-4F38-8367-66C4D7C3A12B}"
EndProject
Project("{FAE04EC0-301F-11D3-BF4B-00C04F79EFBC}") = "ClassCast.Teacher", "ClassCast.Teacher\ClassCast.Teacher.csproj", "{55691B97-2B1B-477E-82E6-4CF02873A707}"
EndProject
Project("{FAE04EC0-301F-11D3-BF4B-00C04F79EFBC}") = "ClassCast.Student", "ClassCast.Student\ClassCast.Student.csproj", "{3CB48227-9603-48CE-AFE2-BE35898416D6}"
EndProject
Project("{FAE04EC0-301F-11D3-BF4B-00C04F79EFBC}") = "ClassCast.Tests", "ClassCast.Tests\ClassCast.Tests.csproj", "{2C81DDC0-1A73-4D2A-A659-28A9D08221E9}"
EndProject
Global
	GlobalSection(SolutionConfigurationPlatforms) = preSolution
		Debug|Any CPU = Debug|Any CPU
		Debug|x64 = Debug|x64
		Debug|x86 = Debug|x86
		Release|Any CPU = Release|Any CPU
		Release|x64 = Release|x64
		Release|x86 = Release|x86
	EndGlobalSection
	GlobalSection(ProjectConfigurationPlatforms) = postSolution
		{D5DFEA89-A5A2-4F38-8367-66C4D7C3A12B}.Debug|Any CPU.ActiveCfg = Debug|Any CPU
		{D5DFEA89-A5A2-4F38-8367-66C4D7C3A12B}.Debug|Any CPU.Build.0 = Debug|Any CPU
		{D5DFEA89-A5A2-4F38-8367-66C4D7C3A12B}.Debug|x64.ActiveCfg = Debug|Any CPU
		{D5DFEA89-A5A2-4F38-8367-66C4D7C3A12B}.Debug|x64.Build.0 = Debug|Any CPU
		{D5DFEA89-A5A2-4F38-8367-66C4D7C3A12B}.Debug|x86.ActiveCfg = Debug|Any CPU
		{D5DFEA89-A5A2-4F38-8367-66C4D7C3A12B}.Debug|x86.Build.0 = Debug|Any CPU
		{D5DFEA89-A5A2-4F38-8367-66C4D7C3A12B}.Release|Any CPU.ActiveCfg = Release|Any CPU
		{D5DFEA89-A5A2-4F38-8367-66C4D7C3A12B}.Release|Any CPU.Build.0 = Release|Any CPU
		{D5DFEA89-A5A2-4F38-8367-66C4D7C3A12B}.Release|x64.ActiveCfg = Release|Any CPU
		{D5DFEA89-A5A2-4F38-8367-66C4D7C3A12B}.Release|x64.Build.0 = Release|Any CPU
		{D5DFEA89-A5A2-4F38-8367-66C4D7C3A12B}.Release|x86.ActiveCfg = Release|Any CPU
		{D5DFEA89-A5A2-4F38-8367-66C4D7C3A12B}.Release|x86.Build.0 = Release|Any CPU
		{55691B97-2B1B-477E-82E6-4CF02873A707}.Debug|Any CPU.ActiveCfg = Debug|Any CPU
		{55691B97-2B1B-477E-82E6-4CF02873A707}.Debug|Any CPU.Build.0 = Debug|Any CPU
		{55691B97-2B1B-477E-82E6-4CF02873A707}.Debug|x64.ActiveCfg = Debug|Any CPU
		{55691B97-2B1B-477E-82E6-4CF02873A707}.Debug|x64.Build.0 = Debug|Any CPU
		{55691B97-2B1B-477E-82E6-4CF02873A707}.Debug|x86.ActiveCfg = Debug|Any CPU
		{55691B97-2B1B-477E-82E6-4CF02873A707}.Debug|x86.Build.0 = Debug|Any CPU
		{55691B97-2B1B-477E-82E6-4CF02873A707}.Release|Any CPU.ActiveCfg = Release|Any CPU
		{55691B97-2B1B-477E-82E6-4CF02873A707}.Release|Any CPU.Build.0 = Release|Any CPU
		{55691B97-2B1B-477E-82E6-4CF02873A707}.Release|x64.ActiveCfg = Release|Any CPU
		{55691B97-2B1B-477E-82E6-4CF02873A707}.Release|x64.Build.0 = Release|Any CPU
		{55691B97-2B1B-477E-82E6-4CF02873A707}.Release|x86.ActiveCfg = Release|Any CPU
		{55691B97-2B1B-477E-82E6-4CF02873A707}.Release|x86.Build.0 = Release|Any CPU
		{3CB48227-9603-48CE-AFE2-BE35898416D6}.Debug|Any CPU.ActiveCfg = Debug|Any CPU
		{3CB48227-9603-48CE-AFE2-BE35898416D6}.Debug|Any CPU.Build.0 = Debug|Any CPU
		{3CB48227-9603-48CE-AFE2-BE35898416D6}.Debug|x64.ActiveCfg = Debug|Any CPU
		{3CB48227-9603-48CE-AFE2-BE35898416D6}.Debug|x64.Build.0 = Debug|Any CPU
		{3CB48227-9603-48CE-AFE2-BE35898416D6}.Debug|x86.ActiveCfg = Debug|Any CPU
		{3CB48227-9603-48CE-AFE2-BE35898416D6}.Debug|x86.Build.0 = Debug|Any CPU
		{3CB48227-9603-48CE-AFE2-BE35898416D6}.Release|Any CPU.ActiveCfg = Release|Any CPU
		{3CB48227-9603-48CE-AFE2-BE35898416D6}.Release|Any CPU.Build.0 = Release|Any CPU
		{3CB48227-9603-48CE-AFE2-BE35898416D6}.Release|x64.ActiveCfg = Release|Any CPU
		{3CB48227-9603-48CE-AFE2-BE35898416D6}.Release|x64.Build.0 = Release|Any CPU
		{3CB48227-9603-48CE-AFE2-BE35898416D6}.Release|x86.ActiveCfg = Release|Any CPU
		{3CB48227-9603-48CE-AFE2-BE35898416D6}.Release|x86.Build.0 = Release|Any CPU
		{2C81DDC0-1A73-4D2A-A659-28A9D08221E9}.Debug|Any CPU.ActiveCfg = Debug|Any CPU
		{2C81DDC0-1A73-4D2A-A659-28A9D08221E9}.Debug|Any CPU.Build.0 = Debug|Any CPU
		{2C81DDC0-1A73-4D2A-A659-28A9D08221E9}.Debug|x64.ActiveCfg = Debug|Any CPU
		{2C81DDC0-1A73-4D2A-A659-28A9D08221E9}.Debug|x64.Build.0 = Debug|Any CPU
		{2C81DDC0-1A73-4D2A-A659-28A9D08221E9}.Debug|x86.ActiveCfg = Debug|Any CPU
		{2C81DDC0-1A73-4D2A-A659-28A9D08221E9}.Debug|x86.Build.0 = Debug|Any CPU
		{2C81DDC0-1A73-4D2A-A659-28A9D08221E9}.Release|Any CPU.ActiveCfg = Release|Any CPU
		{2C81DDC0-1A73-4D2A-A659-28A9D08221E9}.Release|Any CPU.Build.0 = Release|Any CPU
		{2C81DDC0-1A73-4D2A-A659-28A9D08221E9}.Release|x64.ActiveCfg = Release|Any CPU
		{2C81DDC0-1A73-4D2A-A659-28A9D08221E9}.Release|x64.Build.0 = Release|Any CPU
		{2C81DDC0-1A73-4D2A-A659-28A9D08221E9}.Release|x86.ActiveCfg = Release|Any CPU
		{2C81DDC0-1A73-4D2A-A659-28A9D08221E9}.Release|x86.Build.0 = Release|Any CPU
	EndGlobalSection
	GlobalSection(SolutionProperties) = preSolution
		HideSolutionNode = FALSE
	EndGlobalSection
EndGlobal
